
Microsoft Visual Studio Solution File, Format Version 12.00
# Visual Studio Version 17
VisualStudioVersion = 17.14.36429.23 d17.14
MinimumVisualStudioVersion = 10.0.40219.1
Project("{FAE04EC0-301F-11D3-BF4B-00C04F79EFBC}") = "DockerSampleApp", "DockerSampleApp\DockerSampleApp.csproj", "{FF2BDEB3-72AF-4AB0-8EF9-D5629DD43B52}"
EndProject
Global
	GlobalSection(SolutionConfigurationPlatforms) = preSolution
		Debug|Any CPU = Debug|Any CPU
		Release|Any CPU = Release|Any CPU
	EndGlobalSection
	GlobalSection(ProjectConfigurationPlatforms) = postSolution
		{FF2BDEB3-72AF-4AB0-8EF9-D5629DD43B52}.Debug|Any CPU.ActiveCfg = Debug|Any CPU
		{FF2BDEB3-72AF-4AB0-8EF9-D5629DD43B52}.Debug|Any CPU.Build.0 = Debug|Any CPU
		{FF2BDEB3-72AF-4AB0-8EF9-D5629DD43B52}.Release|Any CPU.ActiveCfg = Release|Any CPU
		{FF2BDEB3-72AF-4AB0-8EF9-D5629DD43B52}.Release|Any CPU.Build.0 = Release|Any CPU
	EndGlobalSection
	GlobalSection(SolutionProperties) = preSolution
		HideSolutionNode = FALSE
	EndGlobalSection
	GlobalSection(ExtensibilityGlobals) = postSolution
		SolutionGuid = {255BE70A-1AF4-4892-A240-373D87D4F090}
	EndGlobalSection
EndGlobal
